<Solution>
  <Folder Name="/SolutionItems/">
    <File Path=".editorconfig" />
    <File Path="Directory.Build.props" />
  </Folder>
  <Project Path="DocxToPdf.Runner/DocxToPdf.Runner.csproj" />
  <Project Path="DocxToPdf.Tests/DocxToPdf.Tests.csproj" />
  <Project Path="DocxToPdf/DocxToPdf.csproj" />
</Solution>
